
Microsoft Visual Studio Solution File, Format Version 12.00
# Visual Studio Version 17
VisualStudioVersion = 17.14.36429.23 d17.14
MinimumVisualStudioVersion = 10.0.40219.1
Project("{FAE04EC0-301F-11D3-BF4B-00C04F79EFBC}") = "MyResumeSite", "MyResumeSite.csproj", "{20D7116A-717A-4A60-BBF2-D6DE07C98D19}"
EndProject
Global
	GlobalSection(SolutionConfigurationPlatforms) = preSolution
		Debug|Any CPU = Debug|Any CPU
		Release|Any CPU = Release|Any CPU
	EndGlobalSection
	GlobalSection(ProjectConfigurationPlatforms) = postSolution
		{20D7116A-717A-4A60-BBF2-D6DE07C98D19}.Debug|Any CPU.ActiveCfg = Debug|Any CPU
		{20D7116A-717A-4A60-BBF2-D6DE07C98D19}.Debug|Any CPU.Build.0 = Debug|Any CPU
		{20D7116A-717A-4A60-BBF2-D6DE07C98D19}.Release|Any CPU.ActiveCfg = Release|Any CPU
		{20D7116A-717A-4A60-BBF2-D6DE07C98D19}.Release|Any CPU.Build.0 = Release|Any CPU
	EndGlobalSection
	GlobalSection(SolutionProperties) = preSolution
		HideSolutionNode = FALSE
	EndGlobalSection
	GlobalSection(ExtensibilityGlobals) = postSolution
		SolutionGuid = {73F0B7E5-575A-4253-A74A-A719E7D103CE}
	EndGlobalSection
EndGlobal
